
Microsoft Visual Studio Solution File, Format Version 12.00
# Visual Studio Version 17
VisualStudioVersion = 17.12.35309.182
MinimumVisualStudioVersion = 10.0.40219.1
Project("{FAE04EC0-301F-11D3-BF4B-00C04F79EFBC}") = "Frankfurter.App", "Frankfurter.App\Frankfurter.App.csproj", "{B69A2F1E-787B-4CE3-ABD0-588269115669}"
EndProject
Global
	GlobalSection(SolutionConfigurationPlatforms) = preSolution
		Debug|Any CPU = Debug|Any CPU
		Release|Any CPU = Release|Any CPU
	EndGlobalSection
	GlobalSection(ProjectConfigurationPlatforms) = postSolution
		{B69A2F1E-787B-4CE3-ABD0-588269115669}.Debug|Any CPU.ActiveCfg = Debug|Any CPU
		{B69A2F1E-787B-4CE3-ABD0-588269115669}.Debug|Any CPU.Build.0 = Debug|Any CPU
		{B69A2F1E-787B-4CE3-ABD0-588269115669}.Release|Any CPU.ActiveCfg = Release|Any CPU
		{B69A2F1E-787B-4CE3-ABD0-588269115669}.Release|Any CPU.Build.0 = Release|Any CPU
	EndGlobalSection
	GlobalSection(SolutionProperties) = preSolution
		HideSolutionNode = FALSE
	EndGlobalSection
	GlobalSection(ExtensibilityGlobals) = postSolution
		SolutionGuid = {440DEA82-7F3E-410D-A028-C010B2FAEDAC}
	EndGlobalSection
EndGlobal
